
Microsoft Visual Studio Solution File, Format Version 12.00
# Visual Studio Version 17
VisualStudioVersion = 17.0.31521.260
MinimumVisualStudioVersion = 10.0.40219.1
Project("{9A19103F-16F7-4668-BE54-9A1E7A4F7556}") = "YumeChan.ConsoleRunner", "src\YumeChan.ConsoleRunner\YumeChan.ConsoleRunner.csproj", "{B4E6E6B5-B495-4668-BB0D-1107B457C420}"
EndProject
Project("{9A19103F-16F7-4668-BE54-9A1E7A4F7556}") = "YumeChan.Core", "src\YumeChan.Core\YumeChan.Core.csproj", "{58155AE6-D0DF-45E3-9B38-64ED0ACA8AC0}"
	ProjectSection(ProjectDependencies) = postProject
		{FD4B7EFA-7B34-4544-AD4A-EA67F006A1E8} = {FD4B7EFA-7B34-4544-AD4A-EA67F006A1E8}
	EndProjectSection
EndProject
Project("{9A19103F-16F7-4668-BE54-9A1E7A4F7556}") = "YumeChan.Essentials", "src\YumeChan.Essentials\YumeChan.Essentials.csproj", "{FD4B7EFA-7B34-4544-AD4A-EA67F006A1E8}"
EndProject
Project("{9A19103F-16F7-4668-BE54-9A1E7A4F7556}") = "YumeChan.NetRunner", "src\YumeChan.NetRunner\YumeChan.NetRunner.csproj", "{AD328D2F-1AD0-414A-96A0-456820765C37}"
EndProject
Project("{9A19103F-16F7-4668-BE54-9A1E7A4F7556}") = "YumeChan.PluginBase", "src\YumeChan.PluginBase\YumeChan.PluginBase\YumeChan.PluginBase.csproj", "{BA3AB42C-6875-4F32-9476-89EB8432716C}"
EndProject
Project("{FAE04EC0-301F-11D3-BF4B-00C04F79EFBC}") = "YumeChan.NetRunner.Plugins", "src\YumeChan.NetRunner.Plugins\YumeChan.NetRunner.Plugins.csproj", "{ED8DDB07-7915-437F-9EBA-635EFA286161}"
EndProject
Project("{2150E333-8FDC-42A3-9474-1A3956D46DE8}") = "Runners", "Runners", "{F9A8D4C3-D16D-4E2B-8203-FDA3342D0CC5}"
EndProject
Project("{2150E333-8FDC-42A3-9474-1A3956D46DE8}") = "Core", "Core", "{FD731CEA-D9F2-425E-A7E0-C76505A40F27}"
EndProject
Project("{2150E333-8FDC-42A3-9474-1A3956D46DE8}") = "PluginBase", "PluginBase", "{23773141-347A-4F0C-9667-8C1FA1DA1C69}"
	ProjectSection(SolutionItems) = preProject
		src\YumeChan.PluginBase\.config\dotnet-tools.json = src\YumeChan.PluginBase\.config\dotnet-tools.json
		src\YumeChan.PluginBase\Directory.Build.props = src\YumeChan.PluginBase\Directory.Build.props
		src\YumeChan.PluginBase\version.json = src\YumeChan.PluginBase\version.json
	EndProjectSection
EndProject
Project("{FAE04EC0-301F-11D3-BF4B-00C04F79EFBC}") = "YumeChan.PluginBase.Database.MongoDB", "src\YumeChan.PluginBase\YumeChan.PluginBase.Database.MongoDB\YumeChan.PluginBase.Database.MongoDB.csproj", "{19003A5F-3CDF-44DD-8800-8E3C651487E0}"
EndProject
Project("{FAE04EC0-301F-11D3-BF4B-00C04F79EFBC}") = "YumeChan.PluginBase.Database.Postgres", "src\YumeChan.PluginBase\YumeChan.PluginBase.Database.Postgres\YumeChan.PluginBase.Database.Postgres.csproj", "{E8018B42-85E3-45D5-BF26-9A7BB8D1E0B9}"
EndProject
Project("{2150E333-8FDC-42A3-9474-1A3956D46DE8}") = "Solution Items", "Solution Items", "{ABBD4637-C672-425B-B39B-D51B279CA7C5}"
EndProject
Project("{2150E333-8FDC-42A3-9474-1A3956D46DE8}") = ".github/workflows", ".github/workflows", "{24C84DC3-4061-4ACA-88BA-19BDAABB9A15}"
	ProjectSection(SolutionItems) = preProject
		.github\workflows\codeql-analysis.yml = .github\workflows\codeql-analysis.yml
		.github\workflows\dotnet-build.yml = .github\workflows\dotnet-build.yml
	EndProjectSection
EndProject
Global
	GlobalSection(SolutionConfigurationPlatforms) = preSolution
		Debug|Any CPU = Debug|Any CPU
		Debug|x64 = Debug|x64
		Release|Any CPU = Release|Any CPU
		Release|x64 = Release|x64
	EndGlobalSection
	GlobalSection(ProjectConfigurationPlatforms) = postSolution
		{B4E6E6B5-B495-4668-BB0D-1107B457C420}.Debug|Any CPU.ActiveCfg = Debug|Any CPU
		{B4E6E6B5-B495-4668-BB0D-1107B457C420}.Debug|Any CPU.Build.0 = Debug|Any CPU
		{B4E6E6B5-B495-4668-BB0D-1107B457C420}.Debug|x64.ActiveCfg = Debug|Any CPU
		{B4E6E6B5-B495-4668-BB0D-1107B457C420}.Debug|x64.Build.0 = Debug|Any CPU
		{B4E6E6B5-B495-4668-BB0D-1107B457C420}.Release|Any CPU.ActiveCfg = Release|Any CPU
		{B4E6E6B5-B495-4668-BB0D-1107B457C420}.Release|Any CPU.Build.0 = Release|Any CPU
		{B4E6E6B5-B495-4668-BB0D-1107B457C420}.Release|x64.ActiveCfg = Release|Any CPU
		{B4E6E6B5-B495-4668-BB0D-1107B457C420}.Release|x64.Build.0 = Release|Any CPU
		{58155AE6-D0DF-45E3-9B38-64ED0ACA8AC0}.Debug|Any CPU.ActiveCfg = Debug|Any CPU
		{58155AE6-D0DF-45E3-9B38-64ED0ACA8AC0}.Debug|Any CPU.Build.0 = Debug|Any CPU
		{58155AE6-D0DF-45E3-9B38-64ED0ACA8AC0}.Debug|x64.ActiveCfg = Debug|Any CPU
		{58155AE6-D0DF-45E3-9B38-64ED0ACA8AC0}.Debug|x64.Build.0 = Debug|Any CPU
		{58155AE6-D0DF-45E3-9B38-64ED0ACA8AC0}.Release|Any CPU.ActiveCfg = Release|Any CPU
		{58155AE6-D0DF-45E3-9B38-64ED0ACA8AC0}.Release|Any CPU.Build.0 = Release|Any CPU
		{58155AE6-D0DF-45E3-9B38-64ED0ACA8AC0}.Release|x64.ActiveCfg = Release|Any CPU
		{58155AE6-D0DF-45E3-9B38-64ED0ACA8AC0}.Release|x64.Build.0 = Release|Any CPU
		{FD4B7EFA-7B34-4544-AD4A-EA67F006A1E8}.Debug|Any CPU.ActiveCfg = Debug|Any CPU
		{FD4B7EFA-7B34-4544-AD4A-EA67F006A1E8}.Debug|Any CPU.Build.0 = Debug|Any CPU
		{FD4B7EFA-7B34-4544-AD4A-EA67F006A1E8}.Debug|x64.ActiveCfg = Debug|Any CPU
		{FD4B7EFA-7B34-4544-AD4A-EA67F006A1E8}.Debug|x64.Build.0 = Debug|Any CPU
		{FD4B7EFA-7B34-4544-AD4A-EA67F006A1E8}.Release|Any CPU.ActiveCfg = Release|Any CPU
		{FD4B7EFA-7B34-4544-AD4A-EA67F006A1E8}.Release|Any CPU.Build.0 = Release|Any CPU
		{FD4B7EFA-7B34-4544-AD4A-EA67F006A1E8}.Release|x64.ActiveCfg = Release|Any CPU
		{FD4B7EFA-7B34-4544-AD4A-EA67F006A1E8}.Release|x64.Build.0 = Release|Any CPU
		{AD328D2F-1AD0-414A-96A0-456820765C37}.Debug|Any CPU.ActiveCfg = Debug|Any CPU
		{AD328D2F-1AD0-414A-96A0-456820765C37}.Debug|Any CPU.Build.0 = Debug|Any CPU
		{AD328D2F-1AD0-414A-96A0-456820765C37}.Debug|x64.ActiveCfg = Debug|Any CPU
		{AD328D2F-1AD0-414A-96A0-456820765C37}.Debug|x64.Build.0 = Debug|Any CPU
		{AD328D2F-1AD0-414A-96A0-456820765C37}.Release|Any CPU.ActiveCfg = Release|Any CPU
		{AD328D2F-1AD0-414A-96A0-456820765C37}.Release|Any CPU.Build.0 = Release|Any CPU
		{AD328D2F-1AD0-414A-96A0-456820765C37}.Release|x64.ActiveCfg = Release|Any CPU
		{AD328D2F-1AD0-414A-96A0-456820765C37}.Release|x64.Build.0 = Release|Any CPU
		{BA3AB42C-6875-4F32-9476-89EB8432716C}.Debug|Any CPU.ActiveCfg = Debug|Any CPU
		{BA3AB42C-6875-4F32-9476-89EB8432716C}.Debug|Any CPU.Build.0 = Debug|Any CPU
		{BA3AB42C-6875-4F32-9476-89EB8432716C}.Debug|x64.ActiveCfg = Debug|Any CPU
		{BA3AB42C-6875-4F32-9476-89EB8432716C}.Debug|x64.Build.0 = Debug|Any CPU
		{BA3AB42C-6875-4F32-9476-89EB8432716C}.Release|Any CPU.ActiveCfg = Release|Any CPU
		{BA3AB42C-6875-4F32-9476-89EB8432716C}.Release|Any CPU.Build.0 = Release|Any CPU
		{BA3AB42C-6875-4F32-9476-89EB8432716C}.Release|x64.ActiveCfg = Release|Any CPU
		{BA3AB42C-6875-4F32-9476-89EB8432716C}.Release|x64.Build.0 = Release|Any CPU
		{ED8DDB07-7915-437F-9EBA-635EFA286161}.Debug|Any CPU.ActiveCfg = Debug|Any CPU
		{ED8DDB07-7915-437F-9EBA-635EFA286161}.Debug|Any CPU.Build.0 = Debug|Any CPU
		{ED8DDB07-7915-437F-9EBA-635EFA286161}.Debug|x64.ActiveCfg = Debug|Any CPU
		{ED8DDB07-7915-437F-9EBA-635EFA286161}.Debug|x64.Build.0 = Debug|Any CPU
		{ED8DDB07-7915-437F-9EBA-635EFA286161}.Release|Any CPU.ActiveCfg = Release|Any CPU
		{ED8DDB07-7915-437F-9EBA-635EFA286161}.Release|Any CPU.Build.0 = Release|Any CPU
		{ED8DDB07-7915-437F-9EBA-635EFA286161}.Release|x64.ActiveCfg = Release|Any CPU
		{ED8DDB07-7915-437F-9EBA-635EFA286161}.Release|x64.Build.0 = Release|Any CPU
		{19003A5F-3CDF-44DD-8800-8E3C651487E0}.Debug|Any CPU.ActiveCfg = Debug|Any CPU
		{19003A5F-3CDF-44DD-8800-8E3C651487E0}.Debug|Any CPU.Build.0 = Debug|Any CPU
		{19003A5F-3CDF-44DD-8800-8E3C651487E0}.Debug|x64.ActiveCfg = Debug|Any CPU
		{19003A5F-3CDF-44DD-8800-8E3C651487E0}.Debug|x64.Build.0 = Debug|Any CPU
		{19003A5F-3CDF-44DD-8800-8E3C651487E0}.Release|Any CPU.ActiveCfg = Release|Any CPU
		{19003A5F-3CDF-44DD-8800-8E3C651487E0}.Release|Any CPU.Build.0 = Release|Any CPU
		{19003A5F-3CDF-44DD-8800-8E3C651487E0}.Release|x64.ActiveCfg = Release|Any CPU
		{19003A5F-3CDF-44DD-8800-8E3C651487E0}.Release|x64.Build.0 = Release|Any CPU
		{E8018B42-85E3-45D5-BF26-9A7BB8D1E0B9}.Debug|Any CPU.ActiveCfg = Debug|Any CPU
		{E8018B42-85E3-45D5-BF26-9A7BB8D1E0B9}.Debug|Any CPU.Build.0 = Debug|Any CPU
		{E8018B42-85E3-45D5-BF26-9A7BB8D1E0B9}.Debug|x64.ActiveCfg = Debug|Any CPU
		{E8018B42-85E3-45D5-BF26-9A7BB8D1E0B9}.Debug|x64.Build.0 = Debug|Any CPU
		{E8018B42-85E3-45D5-BF26-9A7BB8D1E0B9}.Release|Any CPU.ActiveCfg = Release|Any CPU
		{E8018B42-85E3-45D5-BF26-9A7BB8D1E0B9}.Release|Any CPU.Build.0 = Release|Any CPU
		{E8018B42-85E3-45D5-BF26-9A7BB8D1E0B9}.Release|x64.ActiveCfg = Release|Any CPU
		{E8018B42-85E3-45D5-BF26-9A7BB8D1E0B9}.Release|x64.Build.0 = Release|Any CPU
	EndGlobalSection
	GlobalSection(SolutionProperties) = preSolution
		HideSolutionNode = FALSE
	EndGlobalSection
	GlobalSection(ExtensibilityGlobals) = postSolution
		SolutionGuid = {E5929E23-4306-4CDC-84EF-D48C0D7C16D7}
	EndGlobalSection
	GlobalSection(NestedProjects) = preSolution
		{B4E6E6B5-B495-4668-BB0D-1107B457C420} = {F9A8D4C3-D16D-4E2B-8203-FDA3342D0CC5}
		{AD328D2F-1AD0-414A-96A0-456820765C37} = {F9A8D4C3-D16D-4E2B-8203-FDA3342D0CC5}
		{ED8DDB07-7915-437F-9EBA-635EFA286161} = {F9A8D4C3-D16D-4E2B-8203-FDA3342D0CC5}
		{58155AE6-D0DF-45E3-9B38-64ED0ACA8AC0} = {FD731CEA-D9F2-425E-A7E0-C76505A40F27}
		{BA3AB42C-6875-4F32-9476-89EB8432716C} = {23773141-347A-4F0C-9667-8C1FA1DA1C69}
		{19003A5F-3CDF-44DD-8800-8E3C651487E0} = {23773141-347A-4F0C-9667-8C1FA1DA1C69}
		{E8018B42-85E3-45D5-BF26-9A7BB8D1E0B9} = {23773141-347A-4F0C-9667-8C1FA1DA1C69}
		{24C84DC3-4061-4ACA-88BA-19BDAABB9A15} = {ABBD4637-C672-425B-B39B-D51B279CA7C5}
	EndGlobalSection
EndGlobal
